// !$*UTF8*$!
{
	archiveVersion = 1;
	classes = {
	};
	objectVersion = 55;
	objects = {

/* Begin PBXBuildFile section */
		54FE87B5DDD19ED9121A08D3 /* libPods-saulTest.a in Frameworks */ = {isa = PBXBuildFile; fileRef = 4057C66D0E34E2CE95DA4428 /* libPods-saulTest.a */; };
		D80E7ACE2813C01A008B4FC9 /* UIColor_Hexadecimal.m in Sources */ = {isa = PBXBuildFile; fileRef = D80E7ACD2813C01A008B4FC9 /* UIColor_Hexadecimal.m */; };
		D8D8E8242812B71400EF2026 /* AppDelegate.m in Sources */ = {isa = PBXBuildFile; fileRef = D8D8E8232812B71400EF2026 /* AppDelegate.m */; };
		D8D8E8272812B71400EF2026 /* SceneDelegate.m in Sources */ = {isa = PBXBuildFile; fileRef = D8D8E8262812B71400EF2026 /* SceneDelegate.m */; };
		D8D8E82A2812B71400EF2026 /* ViewController.m in Sources */ = {isa = PBXBuildFile; fileRef = D8D8E8292812B71400EF2026 /* ViewController.m */; };
		D8D8E82D2812B71400EF2026 /* Main.storyboard in Resources */ = {isa = PBXBuildFile; fileRef = D8D8E82B2812B71400EF2026 /* Main.storyboard */; };
		D8D8E8302812B71400EF2026 /* saulTest.xcdatamodeld in Sources */ = {isa = PBXBuildFile; fileRef = D8D8E82E2812B71400EF2026 /* saulTest.xcdatamodeld */; };
		D8D8E8322812B71600EF2026 /* Assets.xcassets in Resources */ = {isa = PBXBuildFile; fileRef = D8D8E8312812B71600EF2026 /* Assets.xcassets */; };
		D8D8E8352812B71600EF2026 /* LaunchScreen.storyboard in Resources */ = {isa = PBXBuildFile; fileRef = D8D8E8332812B71600EF2026 /* LaunchScreen.storyboard */; };
		D8D8E8382812B71600EF2026 /* main.m in Sources */ = {isa = PBXBuildFile; fileRef = D8D8E8372812B71600EF2026 /* main.m */; };
		D8D8E8412812CA0B00EF2026 /* NSObject+Person.m in Sources */ = {isa = PBXBuildFile; fileRef = D8D8E8402812CA0B00EF2026 /* NSObject+Person.m */; };
/* End PBXBuildFile section */

/* Begin PBXFileReference section */
		4057C66D0E34E2CE95DA4428 /* libPods-saulTest.a */ = {isa = PBXFileReference; explicitFileType = archive.ar; includeInIndex = 0; path = "libPods-saulTest.a"; sourceTree = BUILT_PRODUCTS_DIR; };
		65B10383E00DBB50020A4665 /* Pods-saulTest.debug.xcconfig */ = {isa = PBXFileReference; includeInIndex = 1; lastKnownFileType = text.xcconfig; name = "Pods-saulTest.debug.xcconfig"; path = "Target Support Files/Pods-saulTest/Pods-saulTest.debug.xcconfig"; sourceTree = "<group>"; };
		A8B2C465BC4EE69DA83EAE19 /* Pods-saulTest.release.xcconfig */ = {isa = PBXFileReference; includeInIndex = 1; lastKnownFileType = text.xcconfig; name = "Pods-saulTest.release.xcconfig"; path = "Target Support Files/Pods-saulTest/Pods-saulTest.release.xcconfig"; sourceTree = "<group>"; };
		D80E7ACC2813BF37008B4FC9 /* UIColor_Hexadecimal.h */ = {isa = PBXFileReference; lastKnownFileType = sourcecode.c.h; path = UIColor_Hexadecimal.h; sourceTree = "<group>"; };
		D80E7ACD2813C01A008B4FC9 /* UIColor_Hexadecimal.m */ = {isa = PBXFileReference; lastKnownFileType = sourcecode.c.objc; path = UIColor_Hexadecimal.m; sourceTree = "<group>"; };
		D8D8E81F2812B71400EF2026 /* saulTest.app */ = {isa = PBXFileReference; explicitFileType = wrapper.application; includeInIndex = 0; path = saulTest.app; sourceTree = BUILT_PRODUCTS_DIR; };
		D8D8E8222812B71400EF2026 /* AppDelegate.h */ = {isa = PBXFileReference; lastKnownFileType = sourcecode.c.h; path = AppDelegate.h; sourceTree = "<group>"; };
		D8D8E8232812B71400EF2026 /* AppDelegate.m */ = {isa = PBXFileReference; lastKnownFileType = sourcecode.c.objc; path = AppDelegate.m; sourceTree = "<group>"; };
		D8D8E8252812B71400EF2026 /* SceneDelegate.h */ = {isa = PBXFileReference; lastKnownFileType = sourcecode.c.h; path = SceneDelegate.h; sourceTree = "<group>"; };
		D8D8E8262812B71400EF2026 /* SceneDelegate.m */ = {isa = PBXFileReference; lastKnownFileType = sourcecode.c.objc; path = SceneDelegate.m; sourceTree = "<group>"; };
		D8D8E8282812B71400EF2026 /* ViewController.h */ = {isa = PBXFileReference; lastKnownFileType = sourcecode.c.h; path = ViewController.h; sourceTree = "<group>"; };
		D8D8E8292812B71400EF2026 /* ViewController.m */ = {isa = PBXFileReference; lastKnownFileType = sourcecode.c.objc; path = ViewController.m; sourceTree = "<group>"; };
		D8D8E82C2812B71400EF2026 /* Base */ = {isa = PBXFileReference; lastKnownFileType = file.storyboard; name = Base; path = Base.lproj/Main.storyboard; sourceTree = "<group>"; };
		D8D8E82F2812B71400EF2026 /* saulTest.xcdatamodel */ = {isa = PBXFileReference; lastKnownFileType = wrapper.xcdatamodel; path = saulTest.xcdatamodel; sourceTree = "<group>"; };
		D8D8E8312812B71600EF2026 /* Assets.xcassets */ = {isa = PBXFileReference; lastKnownFileType = folder.assetcatalog; path = Assets.xcassets; sourceTree = "<group>"; };
		D8D8E8342812B71600EF2026 /* Base */ = {isa = PBXFileReference; lastKnownFileType = file.storyboard; name = Base; path = Base.lproj/LaunchScreen.storyboard; sourceTree = "<group>"; };
		D8D8E8362812B71600EF2026 /* Info.plist */ = {isa = PBXFileReference; lastKnownFileType = text.plist.xml; path = Info.plist; sourceTree = "<group>"; };
		D8D8E8372812B71600EF2026 /* main.m */ = {isa = PBXFileReference; lastKnownFileType = sourcecode.c.objc; path = main.m; sourceTree = "<group>"; };
		D8D8E83F2812CA0B00EF2026 /* NSObject+Person.h */ = {isa = PBXFileReference; lastKnownFileType = sourcecode.c.h; name = "NSObject+Person.h"; path = "saulTest/NSObject+Person.h"; sourceTree = "<group>"; };
		D8D8E8402812CA0B00EF2026 /* NSObject+Person.m */ = {isa = PBXFileReference; lastKnownFileType = sourcecode.c.objc; name = "NSObject+Person.m"; path = "saulTest/NSObject+Person.m"; sourceTree = "<group>"; };
/* End PBXFileReference section */

/* Begin PBXFrameworksBuildPhase section */
		D8D8E81C2812B71400EF2026 /* Frameworks */ = {
			isa = PBXFrameworksBuildPhase;
			buildActionMask = 2147483647;
			files = (
				54FE87B5DDD19ED9121A08D3 /* libPods-saulTest.a in Frameworks */,
			);
			runOnlyForDeploymentPostprocessing = 0;
		};
/* End PBXFrameworksBuildPhase section */

/* Begin PBXGroup section */
		28D4E9457F8B0453E4C97BD7 /* Frameworks */ = {
			isa = PBXGroup;
			children = (
				4057C66D0E34E2CE95DA4428 /* libPods-saulTest.a */,
			);
			name = Frameworks;
			sourceTree = "<group>";
		};
		BA3EC42D4B0A83833276E01B /* Pods */ = {
			isa = PBXGroup;
			children = (
				65B10383E00DBB50020A4665 /* Pods-saulTest.debug.xcconfig */,
				A8B2C465BC4EE69DA83EAE19 /* Pods-saulTest.release.xcconfig */,
			);
			name = Pods;
			path = Pods;
			sourceTree = "<group>";
		};
		D8D8E8162812B71400EF2026 = {
			isa = PBXGroup;
			children = (
				D80E7ACD2813C01A008B4FC9 /* UIColor_Hexadecimal.m */,
				D80E7ACC2813BF37008B4FC9 /* UIColor_Hexadecimal.h */,
				D8D8E83F2812CA0B00EF2026 /* NSObject+Person.h */,
				D8D8E8402812CA0B00EF2026 /* NSObject+Person.m */,
				D8D8E8212812B71400EF2026 /* saulTest */,
				D8D8E8202812B71400EF2026 /* Products */,
				BA3EC42D4B0A83833276E01B /* Pods */,
				28D4E9457F8B0453E4C97BD7 /* Frameworks */,
			);
			sourceTree = "<group>";
		};
		D8D8E8202812B71400EF2026 /* Products */ = {
			isa = PBXGroup;
			children = (
				D8D8E81F2812B71400EF2026 /* saulTest.app */,
			);
			name = Products;
			sourceTree = "<group>";
		};
		D8D8E8212812B71400EF2026 /* saulTest */ = {
			isa = PBXGroup;
			children = (
				D8D8E8222812B71400EF2026 /* AppDelegate.h */,
				D8D8E8232812B71400EF2026 /* AppDelegate.m */,
				D8D8E8252812B71400EF2026 /* SceneDelegate.h */,
				D8D8E8262812B71400EF2026 /* SceneDelegate.m */,
				D8D8E8282812B71400EF2026 /* ViewController.h */,
				D8D8E8292812B71400EF2026 /* ViewController.m */,
				D8D8E82B2812B71400EF2026 /* Main.storyboard */,
				D8D8E8312812B71600EF2026 /* Assets.xcassets */,
				D8D8E8332812B71600EF2026 /* LaunchScreen.storyboard */,
				D8D8E8362812B71600EF2026 /* Info.plist */,
				D8D8E8372812B71600EF2026 /* main.m */,
				D8D8E82E2812B71400EF2026 /* saulTest.xcdatamodeld */,
			);
			path = saulTest;
			sourceTree = "<group>";
		};
/* End PBXGroup section */

/* Begin PBXNativeTarget section */
		D8D8E81E2812B71400EF2026 /* saulTest */ = {
			isa = PBXNativeTarget;
			buildConfigurationList = D8D8E83B2812B71600EF2026 /* Build configuration list for PBXNativeTarget "saulTest" */;
			buildPhases = (
				05670576CD15B805DFB23AB4 /* [CP] Check Pods Manifest.lock */,
				D8D8E81B2812B71400EF2026 /* Sources */,
				D8D8E81C2812B71400EF2026 /* Frameworks */,
				D8D8E81D2812B71400EF2026 /* Resources */,
				9795F674465073A1AEEDE22E /* [CP] Copy Pods Resources */,
			);
			buildRules = (
			);
			dependencies = (
			);
			name = saulTest;
			productName = saulTest;
			productReference = D8D8E81F2812B71400EF2026 /* saulTest.app */;
			productType = "com.apple.product-type.application";
		};
/* End PBXNativeTarget section */

/* Begin PBXProject section */
		D8D8E8172812B71400EF2026 /* Project object */ = {
			isa = PBXProject;
			attributes = {
				BuildIndependentTargetsInParallel = 1;
				LastUpgradeCheck = 1320;
				TargetAttributes = {
					D8D8E81E2812B71400EF2026 = {
						CreatedOnToolsVersion = 13.2.1;
					};
				};
			};
			buildConfigurationList = D8D8E81A2812B71400EF2026 /* Build configuration list for PBXProject "saulTest" */;
			compatibilityVersion = "Xcode 13.0";
			developmentRegion = en;
			hasScannedForEncodings = 0;
			knownRegions = (
				en,
				Base,
			);
			mainGroup = D8D8E8162812B71400EF2026;
			productRefGroup = D8D8E8202812B71400EF2026 /* Products */;
			projectDirPath = "";
			projectRoot = "";
			targets = (
				D8D8E81E2812B71400EF2026 /* saulTest */,
			);
		};
/* End PBXProject section */

/* Begin PBXResourcesBuildPhase section */
		D8D8E81D2812B71400EF2026 /* Resources */ = {
			isa = PBXResourcesBuildPhase;
			buildActionMask = 2147483647;
			files = (
				D8D8E8352812B71600EF2026 /* LaunchScreen.storyboard in Resources */,
				D8D8E8322812B71600EF2026 /* Assets.xcassets in Resources */,
				D8D8E82D2812B71400EF2026 /* Main.storyboard in Resources */,
			);
			runOnlyForDeploymentPostprocessing = 0;
		};
/* End PBXResourcesBuildPhase section */

/* Begin PBXShellScriptBuildPhase section */
		05670576CD15B805DFB23AB4 /* [CP] Check Pods Manifest.lock */ = {
			isa = PBXShellScriptBuildPhase;
			buildActionMask = 2147483647;
			files = (
			);
			inputFileListPaths = (
			);
			inputPaths = (
				"${PODS_PODFILE_DIR_PATH}/Podfile.lock",
				"${PODS_ROOT}/Manifest.lock",
			);
			name = "[CP] Check Pods Manifest.lock";
			outputFileListPaths = (
			);
			outputPaths = (
				"$(DERIVED_FILE_DIR)/Pods-saulTest-checkManifestLockResult.txt",
			);
			runOnlyForDeploymentPostprocessing = 0;
			shellPath = /bin/sh;
			shellScript = "diff \"${PODS_PODFILE_DIR_PATH}/Podfile.lock\" \"${PODS_ROOT}/Manifest.lock\" > /dev/null\nif [ $? != 0 ] ; then\n    # print error to STDERR\n    echo \"error: The sandbox is not in sync with the Podfile.lock. Run 'pod install' or update your CocoaPods installation.\" >&2\n    exit 1\nfi\n# This output is used by Xcode 'outputs' to avoid re-running this script phase.\necho \"SUCCESS\" > \"${SCRIPT_OUTPUT_FILE_0}\"\n";
			showEnvVarsInLog = 0;
		};
		9795F674465073A1AEEDE22E /* [CP] Copy Pods Resources */ = {
			isa = PBXShellScriptBuildPhase;
			buildActionMask = 2147483647;
			files = (
			);
			inputFileListPaths = (
				"${PODS_ROOT}/Target Support Files/Pods-saulTest/Pods-saulTest-resources-${CONFIGURATION}-input-files.xcfilelist",
			);
			name = "[CP] Copy Pods Resources";
			outputFileListPaths = (
				"${PODS_ROOT}/Target Support Files/Pods-saulTest/Pods-saulTest-resources-${CONFIGURATION}-output-files.xcfilelist",
			);
			runOnlyForDeploymentPostprocessing = 0;
			shellPath = /bin/sh;
			shellScript = "\"${PODS_ROOT}/Target Support Files/Pods-saulTest/Pods-saulTest-resources.sh\"\n";
			showEnvVarsInLog = 0;
		};
/* End PBXShellScriptBuildPhase section */

/* Begin PBXSourcesBuildPhase section */
		D8D8E81B2812B71400EF2026 /* Sources */ = {
			isa = PBXSourcesBuildPhase;
			buildActionMask = 2147483647;
			files = (
				D8D8E8382812B71600EF2026 /* main.m in Sources */,
				D8D8E82A2812B71400EF2026 /* ViewController.m in Sources */,
				D8D8E8242812B71400EF2026 /* AppDelegate.m in Sources */,
				D8D8E8302812B71400EF2026 /* saulTest.xcdatamodeld in Sources */,
				D80E7ACE2813C01A008B4FC9 /* UIColor_Hexadecimal.m in Sources */,
				D8D8E8412812CA0B00EF2026 /* NSObject+Person.m in Sources */,
				D8D8E8272812B71400EF2026 /* SceneDelegate.m in Sources */,
			);
			runOnlyForDeploymentPostprocessing = 0;
		};
/* End PBXSourcesBuildPhase section */

/* Begin PBXVariantGroup section */
		D8D8E82B2812B71400EF2026 /* Main.storyboard */ = {
			isa = PBXVariantGroup;
			children = (
				D8D8E82C2812B71400EF2026 /* Base */,
			);
			name = Main.storyboard;
			sourceTree = "<group>";
		};
		D8D8E8332812B71600EF2026 /* LaunchScreen.storyboard */ = {
			isa = PBXVariantGroup;
			children = (
				D8D8E8342812B71600EF2026 /* Base */,
			);
			name = LaunchScreen.storyboard;
			sourceTree = "<group>";
		};
/* End PBXVariantGroup section */

/* Begin XCBuildConfiguration section */
		D8D8E8392812B71600EF2026 /* Debug */ = {
			isa = XCBuildConfiguration;
			buildSettings = {
				ALWAYS_SEARCH_USER_PATHS = NO;
				CLANG_ANALYZER_NONNULL = YES;
				CLANG_ANALYZER_NUMBER_OBJECT_CONVERSION = YES_AGGRESSIVE;
				CLANG_CXX_LANGUAGE_STANDARD = "gnu++17";
				CLANG_CXX_LIBRARY = "libc++";
				CLANG_ENABLE_MODULES = YES;
				CLANG_ENABLE_OBJC_ARC = YES;
				CLANG_ENABLE_OBJC_WEAK = YES;
				CLANG_WARN_BLOCK_CAPTURE_AUTORELEASING = YES;
				CLANG_WARN_BOOL_CONVERSION = YES;
				CLANG_WARN_COMMA = YES;
				CLANG_WARN_CONSTANT_CONVERSION = YES;
				CLANG_WARN_DEPRECATED_OBJC_IMPLEMENTATIONS = YES;
				CLANG_WARN_DIRECT_OBJC_ISA_USAGE = YES_ERROR;
				CLANG_WARN_DOCUMENTATION_COMMENTS = YES;
				CLANG_WARN_EMPTY_BODY = YES;
				CLANG_WARN_ENUM_CONVERSION = YES;
				CLANG_WARN_INFINITE_RECURSION = YES;
				CLANG_WARN_INT_CONVERSION = YES;
				CLANG_WARN_NON_LITERAL_NULL_CONVERSION = YES;
				CLANG_WARN_OBJC_IMPLICIT_RETAIN_SELF = YES;
				CLANG_WARN_OBJC_LITERAL_CONVERSION = YES;
				CLANG_WARN_OBJC_ROOT_CLASS = YES_ERROR;
				CLANG_WARN_QUOTED_INCLUDE_IN_FRAMEWORK_HEADER = YES;
				CLANG_WARN_RANGE_LOOP_ANALYSIS = YES;
				CLANG_WARN_STRICT_PROTOTYPES = YES;
				CLANG_WARN_SUSPICIOUS_MOVE = YES;
				CLANG_WARN_UNGUARDED_AVAILABILITY = YES_AGGRESSIVE;
				CLANG_WARN_UNREACHABLE_CODE = YES;
				CLANG_WARN__DUPLICATE_METHOD_MATCH = YES;
				COPY_PHASE_STRIP = NO;
				DEBUG_INFORMATION_FORMAT = dwarf;
				ENABLE_STRICT_OBJC_MSGSEND = YES;
				ENABLE_TESTABILITY = YES;
				GCC_C_LANGUAGE_STANDARD = gnu11;
				GCC_DYNAMIC_NO_PIC = NO;
				GCC_NO_COMMON_BLOCKS = YES;
				GCC_OPTIMIZATION_LEVEL = 0;
				GCC_PREPROCESSOR_DEFINITIONS = (
					"DEBUG=1",
					"$(inherited)",
				);
				GCC_WARN_64_TO_32_BIT_CONVERSION = YES;
				GCC_WARN_ABOUT_RETURN_TYPE = YES_ERROR;
				GCC_WARN_UNDECLARED_SELECTOR = YES;
				GCC_WARN_UNINITIALIZED_AUTOS = YES_AGGRESSIVE;
				GCC_WARN_UNUSED_FUNCTION = YES;
				GCC_WARN_UNUSED_VARIABLE = YES;
				IPHONEOS_DEPLOYMENT_TARGET = 15.2;
				MTL_ENABLE_DEBUG_INFO = INCLUDE_SOURCE;
				MTL_FAST_MATH = YES;
				ONLY_ACTIVE_ARCH = YES;
				SDKROOT = iphoneos;
			};
			name = Debug;
		};
		D8D8E83A2812B71600EF2026 /* Release */ = {
			isa = XCBuildConfiguration;
			buildSettings = {
				ALWAYS_SEARCH_USER_PATHS = NO;
				CLANG_ANALYZER_NONNULL = YES;
				CLANG_ANALYZER_NUMBER_OBJECT_CONVERSION = YES_AGGRESSIVE;
				CLANG_CXX_LANGUAGE_STANDARD = "gnu++17";
				CLANG_CXX_LIBRARY = "libc++";
				CLANG_ENABLE_MODULES = YES;
				CLANG_ENABLE_OBJC_ARC = YES;
				CLANG_ENABLE_OBJC_WEAK = YES;
				CLANG_WARN_BLOCK_CAPTURE_AUTORELEASING = YES;
				CLANG_WARN_BOOL_CONVERSION = YES;
				CLANG_WARN_COMMA = YES;
				CLANG_WARN_CONSTANT_CONVERSION = YES;
				CLANG_WARN_DEPRECATED_OBJC_IMPLEMENTATIONS = YES;
				CLANG_WARN_DIRECT_OBJC_ISA_USAGE = YES_ERROR;
				CLANG_WARN_DOCUMENTATION_COMMENTS = YES;
				CLANG_WARN_EMPTY_BODY = YES;
				CLANG_WARN_ENUM_CONVERSION = YES;
				CLANG_WARN_INFINITE_RECURSION = YES;
				CLANG_WARN_INT_CONVERSION = YES;
				CLANG_WARN_NON_LITERAL_NULL_CONVERSION = YES;
				CLANG_WARN_OBJC_IMPLICIT_RETAIN_SELF = YES;
				CLANG_WARN_OBJC_LITERAL_CONVERSION = YES;
				CLANG_WARN_OBJC_ROOT_CLASS = YES_ERROR;
				CLANG_WARN_QUOTED_INCLUDE_IN_FRAMEWORK_HEADER = YES;
				CLANG_WARN_RANGE_LOOP_ANALYSIS = YES;
				CLANG_WARN_STRICT_PROTOTYPES = YES;
				CLANG_WARN_SUSPICIOUS_MOVE = YES;
				CLANG_WARN_UNGUARDED_AVAILABILITY = YES_AGGRESSIVE;
				CLANG_WARN_UNREACHABLE_CODE = YES;
				CLANG_WARN__DUPLICATE_METHOD_MATCH = YES;
				COPY_PHASE_STRIP = NO;
				DEBUG_INFORMATION_FORMAT = "dwarf-with-dsym";
				ENABLE_NS_ASSERTIONS = NO;
				ENABLE_STRICT_OBJC_MSGSEND = YES;
				GCC_C_LANGUAGE_STANDARD = gnu11;
				GCC_NO_COMMON_BLOCKS = YES;
				GCC_WARN_64_TO_32_BIT_CONVERSION = YES;
				GCC_WARN_ABOUT_RETURN_TYPE = YES_ERROR;
				GCC_WARN_UNDECLARED_SELECTOR = YES;
				GCC_WARN_UNINITIALIZED_AUTOS = YES_AGGRESSIVE;
				GCC_WARN_UNUSED_FUNCTION = YES;
				GCC_WARN_UNUSED_VARIABLE = YES;
				IPHONEOS_DEPLOYMENT_TARGET = 15.2;
				MTL_ENABLE_DEBUG_INFO = NO;
				MTL_FAST_MATH = YES;
				SDKROOT = iphoneos;
				VALIDATE_PRODUCT = YES;
			};
			name = Release;
		};
		D8D8E83C2812B71600EF2026 /* Debug */ = {
			isa = XCBuildConfiguration;
			baseConfigurationReference = 65B10383E00DBB50020A4665 /* Pods-saulTest.debug.xcconfig */;
			buildSettings = {
				ASSETCATALOG_COMPILER_APPICON_NAME = AppIcon;
				ASSETCATALOG_COMPILER_GLOBAL_ACCENT_COLOR_NAME = AccentColor;
				CODE_SIGN_STYLE = Automatic;
				CURRENT_PROJECT_VERSION = 1;
				DEVELOPMENT_TEAM = GA293J444N;
				GENERATE_INFOPLIST_FILE = YES;
				INFOPLIST_FILE = saulTest/Info.plist;
				INFOPLIST_KEY_UIApplicationSupportsIndirectInputEvents = YES;
				INFOPLIST_KEY_UILaunchStoryboardName = LaunchScreen;
				INFOPLIST_KEY_UIMainStoryboardFile = Main;
				INFOPLIST_KEY_UISupportedInterfaceOrientations_iPad = "UIInterfaceOrientationPortrait UIInterfaceOrientationPortraitUpsideDown UIInterfaceOrientationLandscapeLeft UIInterfaceOrientationLandscapeRight";
				INFOPLIST_KEY_UISupportedInterfaceOrientations_iPhone = "UIInterfaceOrientationPortrait UIInterfaceOrientationLandscapeLeft UIInterfaceOrientationLandscapeRight";
				IPHONEOS_DEPLOYMENT_TARGET = 14.4;
				LD_RUNPATH_SEARCH_PATHS = (
					"$(inherited)",
					"@executable_path/Frameworks",
				);
				MARKETING_VERSION = 1.0;
				PRODUCT_BUNDLE_IDENTIFIER = com.saul.com.saulTest;
				PRODUCT_NAME = "$(TARGET_NAME)";
				SWIFT_EMIT_LOC_STRINGS = YES;
				TARGETED_DEVICE_FAMILY = 1;
			};
			name = Debug;
		};
		D8D8E83D2812B71600EF2026 /* Release */ = {
			isa = XCBuildConfiguration;
			baseConfigurationReference = A8B2C465BC4EE69DA83EAE19 /* Pods-saulTest.release.xcconfig */;
			buildSettings = {
				ASSETCATALOG_COMPILER_APPICON_NAME = AppIcon;
				ASSETCATALOG_COMPILER_GLOBAL_ACCENT_COLOR_NAME = AccentColor;
				CODE_SIGN_STYLE = Automatic;
				CURRENT_PROJECT_VERSION = 1;
				DEVELOPMENT_TEAM = GA293J444N;
				GENERATE_INFOPLIST_FILE = YES;
				INFOPLIST_FILE = saulTest/Info.plist;
				INFOPLIST_KEY_UIApplicationSupportsIndirectInputEvents = YES;
				INFOPLIST_KEY_UILaunchStoryboardName = LaunchScreen;
				INFOPLIST_KEY_UIMainStoryboardFile = Main;
				INFOPLIST_KEY_UISupportedInterfaceOrientations_iPad = "UIInterfaceOrientationPortrait UIInterfaceOrientationPortraitUpsideDown UIInterfaceOrientationLandscapeLeft UIInterfaceOrientationLandscapeRight";
				INFOPLIST_KEY_UISupportedInterfaceOrientations_iPhone = "UIInterfaceOrientationPortrait UIInterfaceOrientationLandscapeLeft UIInterfaceOrientationLandscapeRight";
				IPHONEOS_DEPLOYMENT_TARGET = 14.4;
				LD_RUNPATH_SEARCH_PATHS = (
					"$(inherited)",
					"@executable_path/Frameworks",
				);
				MARKETING_VERSION = 1.0;
				PRODUCT_BUNDLE_IDENTIFIER = com.saul.com.saulTest;
				PRODUCT_NAME = "$(TARGET_NAME)";
				SWIFT_EMIT_LOC_STRINGS = YES;
				TARGETED_DEVICE_FAMILY = 1;
			};
			name = Release;
		};
/* End XCBuildConfiguration section */

/* Begin XCConfigurationList section */
		D8D8E81A2812B71400EF2026 /* Build configuration list for PBXProject "saulTest" */ = {
			isa = XCConfigurationList;
			buildConfigurations = (
				D8D8E8392812B71600EF2026 /* Debug */,
				D8D8E83A2812B71600EF2026 /* Release */,
			);
			defaultConfigurationIsVisible = 0;
			defaultConfigurationName = Release;
		};
		D8D8E83B2812B71600EF2026 /* Build configuration list for PBXNativeTarget "saulTest" */ = {
			isa = XCConfigurationList;
			buildConfigurations = (
				D8D8E83C2812B71600EF2026 /* Debug */,
				D8D8E83D2812B71600EF2026 /* Release */,
			);
			defaultConfigurationIsVisible = 0;
			defaultConfigurationName = Release;
		};
/* End XCConfigurationList section */

/* Begin XCVersionGroup section */
		D8D8E82E2812B71400EF2026 /* saulTest.xcdatamodeld */ = {
			isa = XCVersionGroup;
			children = (
				D8D8E82F2812B71400EF2026 /* saulTest.xcdatamodel */,
			);
			currentVersion = D8D8E82F2812B71400EF2026 /* saulTest.xcdatamodel */;
			path = saulTest.xcdatamodeld;
			sourceTree = "<group>";
			versionGroupType = wrapper.xcdatamodel;
		};
/* End XCVersionGroup section */
	};
	rootObject = D8D8E8172812B71400EF2026 /* Project object */;
}
